
Microsoft Visual Studio Solution File, Format Version 12.00
# Visual Studio Version 17
VisualStudioVersion = 17.0.31903.59
MinimumVisualStudioVersion = 10.0.40219.1
Project("{9A19103F-16F7-4668-BE54-9A1E7A4F7556}") = "CarProduct.Api", "CarProduct.Api\CarProduct.Api.csproj", "{3FAEB899-0C50-4D43-ACEC-D636212E4A0D}"
EndProject
Project("{9A19103F-16F7-4668-BE54-9A1E7A4F7556}") = "CarProduct.Application", "CarProduct.Application\CarProduct.Application.csproj", "{7B9FEC61-9AFD-44EC-B0B2-74768887B899}"
EndProject
Project("{9A19103F-16F7-4668-BE54-9A1E7A4F7556}") = "CarProduct.Persistence", "CarProduct.Persistence\CarProduct.Persistence.csproj", "{2AE92B21-5455-4DE1-8051-21DCCB4DB60D}"
EndProject
Project("{9A19103F-16F7-4668-BE54-9A1E7A4F7556}") = "CarProduct.Infrastructure", "CarProduct.Infrastructure\CarProduct.Infrastructure.csproj", "{747F8C82-1B42-4E96-90A5-C2F83105E857}"
EndProject
Project("{FAE04EC0-301F-11D3-BF4B-00C04F79EFBC}") = "CarProduct.Client", "CarProduct.Client\CarProduct.Client.csproj", "{7A4C2729-9E26-4AB7-9579-43E844B10129}"
EndProject
Global
	GlobalSection(SolutionConfigurationPlatforms) = preSolution
		Debug|Any CPU = Debug|Any CPU
		Release|Any CPU = Release|Any CPU
	EndGlobalSection
	GlobalSection(ProjectConfigurationPlatforms) = postSolution
		{3FAEB899-0C50-4D43-ACEC-D636212E4A0D}.Debug|Any CPU.ActiveCfg = Debug|Any CPU
		{3FAEB899-0C50-4D43-ACEC-D636212E4A0D}.Debug|Any CPU.Build.0 = Debug|Any CPU
		{3FAEB899-0C50-4D43-ACEC-D636212E4A0D}.Release|Any CPU.ActiveCfg = Release|Any CPU
		{3FAEB899-0C50-4D43-ACEC-D636212E4A0D}.Release|Any CPU.Build.0 = Release|Any CPU
		{7B9FEC61-9AFD-44EC-B0B2-74768887B899}.Debug|Any CPU.ActiveCfg = Debug|Any CPU
		{7B9FEC61-9AFD-44EC-B0B2-74768887B899}.Debug|Any CPU.Build.0 = Debug|Any CPU
		{7B9FEC61-9AFD-44EC-B0B2-74768887B899}.Release|Any CPU.ActiveCfg = Release|Any CPU
		{7B9FEC61-9AFD-44EC-B0B2-74768887B899}.Release|Any CPU.Build.0 = Release|Any CPU
		{2AE92B21-5455-4DE1-8051-21DCCB4DB60D}.Debug|Any CPU.ActiveCfg = Debug|Any CPU
		{2AE92B21-5455-4DE1-8051-21DCCB4DB60D}.Debug|Any CPU.Build.0 = Debug|Any CPU
		{2AE92B21-5455-4DE1-8051-21DCCB4DB60D}.Release|Any CPU.ActiveCfg = Release|Any CPU
		{2AE92B21-5455-4DE1-8051-21DCCB4DB60D}.Release|Any CPU.Build.0 = Release|Any CPU
		{747F8C82-1B42-4E96-90A5-C2F83105E857}.Debug|Any CPU.ActiveCfg = Debug|Any CPU
		{747F8C82-1B42-4E96-90A5-C2F83105E857}.Debug|Any CPU.Build.0 = Debug|Any CPU
		{747F8C82-1B42-4E96-90A5-C2F83105E857}.Release|Any CPU.ActiveCfg = Release|Any CPU
		{747F8C82-1B42-4E96-90A5-C2F83105E857}.Release|Any CPU.Build.0 = Release|Any CPU
		{7A4C2729-9E26-4AB7-9579-43E844B10129}.Debug|Any CPU.ActiveCfg = Debug|Any CPU
		{7A4C2729-9E26-4AB7-9579-43E844B10129}.Debug|Any CPU.Build.0 = Debug|Any CPU
		{7A4C2729-9E26-4AB7-9579-43E844B10129}.Release|Any CPU.ActiveCfg = Release|Any CPU
		{7A4C2729-9E26-4AB7-9579-43E844B10129}.Release|Any CPU.Build.0 = Release|Any CPU
	EndGlobalSection
	GlobalSection(SolutionProperties) = preSolution
		HideSolutionNode = FALSE
	EndGlobalSection
	GlobalSection(ExtensibilityGlobals) = postSolution
		SolutionGuid = {10ECE894-1F25-40ED-B51F-6858B921F9E6}
	EndGlobalSection
EndGlobal
